// !$*UTF8*$!
{
	archiveVersion = 1;
	classes = {
	};
	objectVersion = 46;
	objects = {

/* Begin PBXBuildFile section */
		C4089ECA1DA004BA00D4729F /* MGSwipeButton.m in Sources */ = {isa = PBXBuildFile; fileRef = C4089EC71DA004BA00D4729F /* MGSwipeButton.m */; };
		C4089ECB1DA004BA00D4729F /* MGSwipeTableCell.m in Sources */ = {isa = PBXBuildFile; fileRef = C4089EC91DA004BA00D4729F /* MGSwipeTableCell.m */; };
		C446BAA11D92924600EBF015 /* ScheduleItemCell.swift in Sources */ = {isa = PBXBuildFile; fileRef = C446BAA01D92924600EBF015 /* ScheduleItemCell.swift */; };
		C4492DBE1D9151DE00CF5D7C /* AppDelegate.swift in Sources */ = {isa = PBXBuildFile; fileRef = C4492DBD1D9151DE00CF5D7C /* AppDelegate.swift */; };
		C4492DC31D9151DE00CF5D7C /* Main.storyboard in Resources */ = {isa = PBXBuildFile; fileRef = C4492DC11D9151DE00CF5D7C /* Main.storyboard */; };
		C4492DC61D9151DE00CF5D7C /* CWShedule_.xcdatamodeld in Sources */ = {isa = PBXBuildFile; fileRef = C4492DC41D9151DE00CF5D7C /* CWShedule_.xcdatamodeld */; };
		C4492DC81D9151DE00CF5D7C /* Assets.xcassets in Resources */ = {isa = PBXBuildFile; fileRef = C4492DC71D9151DE00CF5D7C /* Assets.xcassets */; };
		C4492DCB1D9151DE00CF5D7C /* LaunchScreen.storyboard in Resources */ = {isa = PBXBuildFile; fileRef = C4492DC91D9151DE00CF5D7C /* LaunchScreen.storyboard */; };
		C4492DD61D9151DE00CF5D7C /* CWShedule_Tests.swift in Sources */ = {isa = PBXBuildFile; fileRef = C4492DD51D9151DE00CF5D7C /* CWShedule_Tests.swift */; };
		C4492DE11D9151DE00CF5D7C /* CWShedule_UITests.swift in Sources */ = {isa = PBXBuildFile; fileRef = C4492DE01D9151DE00CF5D7C /* CWShedule_UITests.swift */; };
		C4492DF41D9179CA00CF5D7C /* Constants.swift in Sources */ = {isa = PBXBuildFile; fileRef = C4492DF31D9179CA00CF5D7C /* Constants.swift */; };
		C4492DFF1D917AC900CF5D7C /* ScheduleDetails+CoreDataClass.swift in Sources */ = {isa = PBXBuildFile; fileRef = C4492DF51D917AC900CF5D7C /* ScheduleDetails+CoreDataClass.swift */; };
		C4492E001D917AC900CF5D7C /* ScheduleDetails+CoreDataProperties.swift in Sources */ = {isa = PBXBuildFile; fileRef = C4492DF61D917AC900CF5D7C /* ScheduleDetails+CoreDataProperties.swift */; };
		C4492E011D917AC900CF5D7C /* SheduleGroup+CoreDataClass.swift in Sources */ = {isa = PBXBuildFile; fileRef = C4492DF71D917AC900CF5D7C /* SheduleGroup+CoreDataClass.swift */; };
		C4492E021D917AC900CF5D7C /* SheduleGroup+CoreDataProperties.swift in Sources */ = {isa = PBXBuildFile; fileRef = C4492DF81D917AC900CF5D7C /* SheduleGroup+CoreDataProperties.swift */; };
		C4492E031D917AC900CF5D7C /* ScheduleImages+CoreDataClass.swift in Sources */ = {isa = PBXBuildFile; fileRef = C4492DF91D917AC900CF5D7C /* ScheduleImages+CoreDataClass.swift */; };
		C4492E041D917AC900CF5D7C /* ScheduleImages+CoreDataProperties.swift in Sources */ = {isa = PBXBuildFile; fileRef = C4492DFA1D917AC900CF5D7C /* ScheduleImages+CoreDataProperties.swift */; };
		C4492E051D917AC900CF5D7C /* SheduleItem+CoreDataClass.swift in Sources */ = {isa = PBXBuildFile; fileRef = C4492DFB1D917AC900CF5D7C /* SheduleItem+CoreDataClass.swift */; };
		C4492E061D917AC900CF5D7C /* SheduleItem+CoreDataProperties.swift in Sources */ = {isa = PBXBuildFile; fileRef = C4492DFC1D917AC900CF5D7C /* SheduleItem+CoreDataProperties.swift */; };
		C4492E071D917AC900CF5D7C /* ScheduleUrgency+CoreDataClass.swift in Sources */ = {isa = PBXBuildFile; fileRef = C4492DFD1D917AC900CF5D7C /* ScheduleUrgency+CoreDataClass.swift */; };
		C4492E081D917AC900CF5D7C /* ScheduleUrgency+CoreDataProperties.swift in Sources */ = {isa = PBXBuildFile; fileRef = C4492DFE1D917AC900CF5D7C /* ScheduleUrgency+CoreDataProperties.swift */; };
		C4492E0A1D917B8400CF5D7C /* SheduleGroupVC.swift in Sources */ = {isa = PBXBuildFile; fileRef = C4492E091D917B8400CF5D7C /* SheduleGroupVC.swift */; };
		C4492E1E1D91828100CF5D7C /* Roboto-Black.ttf in Resources */ = {isa = PBXBuildFile; fileRef = C4492E0C1D91828100CF5D7C /* Roboto-Black.ttf */; };
		C4492E1F1D91828100CF5D7C /* Roboto-BlackItalic.ttf in Resources */ = {isa = PBXBuildFile; fileRef = C4492E0D1D91828100CF5D7C /* Roboto-BlackItalic.ttf */; };
		C4492E201D91828100CF5D7C /* Roboto-Bold.ttf in Resources */ = {isa = PBXBuildFile; fileRef = C4492E0E1D91828100CF5D7C /* Roboto-Bold.ttf */; };
		C4492E211D91828100CF5D7C /* Roboto-BoldItalic.ttf in Resources */ = {isa = PBXBuildFile; fileRef = C4492E0F1D91828100CF5D7C /* Roboto-BoldItalic.ttf */; };
		C4492E221D91828100CF5D7C /* Roboto-Italic.ttf in Resources */ = {isa = PBXBuildFile; fileRef = C4492E101D91828100CF5D7C /* Roboto-Italic.ttf */; };
		C4492E231D91828100CF5D7C /* Roboto-Light.ttf in Resources */ = {isa = PBXBuildFile; fileRef = C4492E111D91828100CF5D7C /* Roboto-Light.ttf */; };
		C4492E241D91828100CF5D7C /* Roboto-LightItalic.ttf in Resources */ = {isa = PBXBuildFile; fileRef = C4492E121D91828100CF5D7C /* Roboto-LightItalic.ttf */; };
		C4492E251D91828100CF5D7C /* Roboto-Medium.ttf in Resources */ = {isa = PBXBuildFile; fileRef = C4492E131D91828100CF5D7C /* Roboto-Medium.ttf */; };
		C4492E261D91828100CF5D7C /* Roboto-MediumItalic.ttf in Resources */ = {isa = PBXBuildFile; fileRef = C4492E141D91828100CF5D7C /* Roboto-MediumItalic.ttf */; };
		C4492E271D91828100CF5D7C /* Roboto-Regular.ttf in Resources */ = {isa = PBXBuildFile; fileRef = C4492E151D91828100CF5D7C /* Roboto-Regular.ttf */; };
		C4492E281D91828100CF5D7C /* Roboto-Thin.ttf in Resources */ = {isa = PBXBuildFile; fileRef = C4492E161D91828100CF5D7C /* Roboto-Thin.ttf */; };
		C4492E291D91828100CF5D7C /* Roboto-ThinItalic.ttf in Resources */ = {isa = PBXBuildFile; fileRef = C4492E171D91828100CF5D7C /* Roboto-ThinItalic.ttf */; };
		C4492E2A1D91828100CF5D7C /* RobotoCondensed-Bold.ttf in Resources */ = {isa = PBXBuildFile; fileRef = C4492E181D91828100CF5D7C /* RobotoCondensed-Bold.ttf */; };
		C4492E2B1D91828100CF5D7C /* RobotoCondensed-BoldItalic.ttf in Resources */ = {isa = PBXBuildFile; fileRef = C4492E191D91828100CF5D7C /* RobotoCondensed-BoldItalic.ttf */; };
		C4492E2C1D91828100CF5D7C /* RobotoCondensed-Italic.ttf in Resources */ = {isa = PBXBuildFile; fileRef = C4492E1A1D91828100CF5D7C /* RobotoCondensed-Italic.ttf */; };
		C4492E2D1D91828100CF5D7C /* RobotoCondensed-Light.ttf in Resources */ = {isa = PBXBuildFile; fileRef = C4492E1B1D91828100CF5D7C /* RobotoCondensed-Light.ttf */; };
		C4492E2E1D91828100CF5D7C /* RobotoCondensed-LightItalic.ttf in Resources */ = {isa = PBXBuildFile; fileRef = C4492E1C1D91828100CF5D7C /* RobotoCondensed-LightItalic.ttf */; };
		C4492E2F1D91828100CF5D7C /* RobotoCondensed-Regular.ttf in Resources */ = {isa = PBXBuildFile; fileRef = C4492E1D1D91828100CF5D7C /* RobotoCondensed-Regular.ttf */; };
		C4492E311D91899100CF5D7C /* 18kwwrgcsrtvrjpg.jpg in Resources */ = {isa = PBXBuildFile; fileRef = C4492E301D91899100CF5D7C /* 18kwwrgcsrtvrjpg.jpg */; };
		C4492E331D9193C500CF5D7C /* DesignableView.swift in Sources */ = {isa = PBXBuildFile; fileRef = C4492E321D9193C500CF5D7C /* DesignableView.swift */; };
		C4492E351D9198AE00CF5D7C /* SheduleGroupCell.swift in Sources */ = {isa = PBXBuildFile; fileRef = C4492E341D9198AE00CF5D7C /* SheduleGroupCell.swift */; };
		C4492E371D9221A200CF5D7C /* ScheduleGroupDetail.swift in Sources */ = {isa = PBXBuildFile; fileRef = C4492E361D9221A200CF5D7C /* ScheduleGroupDetail.swift */; };
		C4492E3A1D925D1F00CF5D7C /* ScheduleItemVC.swift in Sources */ = {isa = PBXBuildFile; fileRef = C4492E391D925D1F00CF5D7C /* ScheduleItemVC.swift */; };
		C47FB7191D936C76007C601A /* AddScheduleItemVC.swift in Sources */ = {isa = PBXBuildFile; fileRef = C47FB7181D936C76007C601A /* AddScheduleItemVC.swift */; };
		C47FB71B1D93A5FF007C601A /* img.png in Resources */ = {isa = PBXBuildFile; fileRef = C47FB71A1D93A5FF007C601A /* img.png */; };
		C47FB71F1D93C4AD007C601A /* BlurrableView.swift in Sources */ = {isa = PBXBuildFile; fileRef = C47FB71E1D93C4AD007C601A /* BlurrableView.swift */; };
		C47FB7211D94782B007C601A /* RepeatCells.swift in Sources */ = {isa = PBXBuildFile; fileRef = C47FB7201D94782B007C601A /* RepeatCells.swift */; };
		C4825BF31DA12BBE00D3FCE3 /* 1475380567_Tick_Mark.png in Resources */ = {isa = PBXBuildFile; fileRef = C4825BF21DA12BBE00D3FCE3 /* 1475380567_Tick_Mark.png */; };
		C4F152531DA1465E00D6AB72 /* HomeVC.swift in Sources */ = {isa = PBXBuildFile; fileRef = C4F152521DA1465E00D6AB72 /* HomeVC.swift */; };
		C4F152911DA1A76300D6AB72 /* UpcomingCells.swift in Sources */ = {isa = PBXBuildFile; fileRef = C4F152901DA1A76300D6AB72 /* UpcomingCells.swift */; };
/* End PBXBuildFile section */

/* Begin PBXContainerItemProxy section */
		C4492DD21D9151DE00CF5D7C /* PBXContainerItemProxy */ = {
			isa = PBXContainerItemProxy;
			containerPortal = C4492DB21D9151DE00CF5D7C /* Project object */;
			proxyType = 1;
			remoteGlobalIDString = C4492DB91D9151DE00CF5D7C;
			remoteInfo = "CWShedule+";
		};
		C4492DDD1D9151DE00CF5D7C /* PBXContainerItemProxy */ = {
			isa = PBXContainerItemProxy;
			containerPortal = C4492DB21D9151DE00CF5D7C /* Project object */;
			proxyType = 1;
			remoteGlobalIDString = C4492DB91D9151DE00CF5D7C;
			remoteInfo = "CWShedule+";
		};
/* End PBXContainerItemProxy section */

/* Begin PBXFileReference section */
		C4089EC51DA004B900D4729F /* CWShedule+-Bridging-Header.h */ = {isa = PBXFileReference; lastKnownFileType = sourcecode.c.h; path = "CWShedule+-Bridging-Header.h"; sourceTree = "<group>"; };
		C4089EC61DA004BA00D4729F /* MGSwipeButton.h */ = {isa = PBXFileReference; fileEncoding = 4; lastKnownFileType = sourcecode.c.h; path = MGSwipeButton.h; sourceTree = "<group>"; };
		C4089EC71DA004BA00D4729F /* MGSwipeButton.m */ = {isa = PBXFileReference; fileEncoding = 4; lastKnownFileType = sourcecode.c.objc; path = MGSwipeButton.m; sourceTree = "<group>"; };
		C4089EC81DA004BA00D4729F /* MGSwipeTableCell.h */ = {isa = PBXFileReference; fileEncoding = 4; lastKnownFileType = sourcecode.c.h; path = MGSwipeTableCell.h; sourceTree = "<group>"; };
		C4089EC91DA004BA00D4729F /* MGSwipeTableCell.m */ = {isa = PBXFileReference; fileEncoding = 4; lastKnownFileType = sourcecode.c.objc; path = MGSwipeTableCell.m; sourceTree = "<group>"; };
		C446BAA01D92924600EBF015 /* ScheduleItemCell.swift */ = {isa = PBXFileReference; fileEncoding = 4; lastKnownFileType = sourcecode.swift; path = ScheduleItemCell.swift; sourceTree = "<group>"; };
		C4492DBA1D9151DE00CF5D7C /* CWShedule+.app */ = {isa = PBXFileReference; explicitFileType = wrapper.application; includeInIndex = 0; path = "CWShedule+.app"; sourceTree = BUILT_PRODUCTS_DIR; };
		C4492DBD1D9151DE00CF5D7C /* AppDelegate.swift */ = {isa = PBXFileReference; lastKnownFileType = sourcecode.swift; path = AppDelegate.swift; sourceTree = "<group>"; };
		C4492DC21D9151DE00CF5D7C /* Base */ = {isa = PBXFileReference; lastKnownFileType = file.storyboard; name = Base; path = Base.lproj/Main.storyboard; sourceTree = "<group>"; };
		C4492DC51D9151DE00CF5D7C /* CWShedule_.xcdatamodel */ = {isa = PBXFileReference; lastKnownFileType = wrapper.xcdatamodel; path = CWShedule_.xcdatamodel; sourceTree = "<group>"; };
		C4492DC71D9151DE00CF5D7C /* Assets.xcassets */ = {isa = PBXFileReference; lastKnownFileType = folder.assetcatalog; path = Assets.xcassets; sourceTree = "<group>"; };
		C4492DCA1D9151DE00CF5D7C /* Base */ = {isa = PBXFileReference; lastKnownFileType = file.storyboard; name = Base; path = Base.lproj/LaunchScreen.storyboard; sourceTree = "<group>"; };
		C4492DCC1D9151DE00CF5D7C /* Info.plist */ = {isa = PBXFileReference; lastKnownFileType = text.plist.xml; path = Info.plist; sourceTree = "<group>"; };
		C4492DD11D9151DE00CF5D7C /* CWShedule+Tests.xctest */ = {isa = PBXFileReference; explicitFileType = wrapper.cfbundle; includeInIndex = 0; path = "CWShedule+Tests.xctest"; sourceTree = BUILT_PRODUCTS_DIR; };
		C4492DD51D9151DE00CF5D7C /* CWShedule_Tests.swift */ = {isa = PBXFileReference; lastKnownFileType = sourcecode.swift; path = CWShedule_Tests.swift; sourceTree = "<group>"; };
		C4492DD71D9151DE00CF5D7C /* Info.plist */ = {isa = PBXFileReference; lastKnownFileType = text.plist.xml; path = Info.plist; sourceTree = "<group>"; };
		C4492DDC1D9151DE00CF5D7C /* CWShedule+UITests.xctest */ = {isa = PBXFileReference; explicitFileType = wrapper.cfbundle; includeInIndex = 0; path = "CWShedule+UITests.xctest"; sourceTree = BUILT_PRODUCTS_DIR; };
		C4492DE01D9151DE00CF5D7C /* CWShedule_UITests.swift */ = {isa = PBXFileReference; lastKnownFileType = sourcecode.swift; path = CWShedule_UITests.swift; sourceTree = "<group>"; };
		C4492DE21D9151DE00CF5D7C /* Info.plist */ = {isa = PBXFileReference; lastKnownFileType = text.plist.xml; path = Info.plist; sourceTree = "<group>"; };
		C4492DF31D9179CA00CF5D7C /* Constants.swift */ = {isa = PBXFileReference; fileEncoding = 4; lastKnownFileType = sourcecode.swift; path = Constants.swift; sourceTree = "<group>"; };
		C4492DF51D917AC900CF5D7C /* ScheduleDetails+CoreDataClass.swift */ = {isa = PBXFileReference; fileEncoding = 4; lastKnownFileType = sourcecode.swift; path = "ScheduleDetails+CoreDataClass.swift"; sourceTree = "<group>"; };
		C4492DF61D917AC900CF5D7C /* ScheduleDetails+CoreDataProperties.swift */ = {isa = PBXFileReference; fileEncoding = 4; lastKnownFileType = sourcecode.swift; name = "ScheduleDetails+CoreDataProperties.swift"; path = "../ScheduleDetails+CoreDataProperties.swift"; sourceTree = "<group>"; };
		C4492DF71D917AC900CF5D7C /* SheduleGroup+CoreDataClass.swift */ = {isa = PBXFileReference; fileEncoding = 4; lastKnownFileType = sourcecode.swift; path = "SheduleGroup+CoreDataClass.swift"; sourceTree = "<group>"; };
		C4492DF81D917AC900CF5D7C /* SheduleGroup+CoreDataProperties.swift */ = {isa = PBXFileReference; fileEncoding = 4; lastKnownFileType = sourcecode.swift; name = "SheduleGroup+CoreDataProperties.swift"; path = "../SheduleGroup+CoreDataProperties.swift"; sourceTree = "<group>"; };
		C4492DF91D917AC900CF5D7C /* ScheduleImages+CoreDataClass.swift */ = {isa = PBXFileReference; fileEncoding = 4; lastKnownFileType = sourcecode.swift; path = "ScheduleImages+CoreDataClass.swift"; sourceTree = "<group>"; };
		C4492DFA1D917AC900CF5D7C /* ScheduleImages+CoreDataProperties.swift */ = {isa = PBXFileReference; fileEncoding = 4; lastKnownFileType = sourcecode.swift; name = "ScheduleImages+CoreDataProperties.swift"; path = "../ScheduleImages+CoreDataProperties.swift"; sourceTree = "<group>"; };
		C4492DFB1D917AC900CF5D7C /* SheduleItem+CoreDataClass.swift */ = {isa = PBXFileReference; fileEncoding = 4; lastKnownFileType = sourcecode.swift; path = "SheduleItem+CoreDataClass.swift"; sourceTree = "<group>"; };
		C4492DFC1D917AC900CF5D7C /* SheduleItem+CoreDataProperties.swift */ = {isa = PBXFileReference; fileEncoding = 4; lastKnownFileType = sourcecode.swift; name = "SheduleItem+CoreDataProperties.swift"; path = "../SheduleItem+CoreDataProperties.swift"; sourceTree = "<group>"; };
		C4492DFD1D917AC900CF5D7C /* ScheduleUrgency+CoreDataClass.swift */ = {isa = PBXFileReference; fileEncoding = 4; lastKnownFileType = sourcecode.swift; path = "ScheduleUrgency+CoreDataClass.swift"; sourceTree = "<group>"; };
		C4492DFE1D917AC900CF5D7C /* ScheduleUrgency+CoreDataProperties.swift */ = {isa = PBXFileReference; fileEncoding = 4; lastKnownFileType = sourcecode.swift; name = "ScheduleUrgency+CoreDataProperties.swift"; path = "../ScheduleUrgency+CoreDataProperties.swift"; sourceTree = "<group>"; };
		C4492E091D917B8400CF5D7C /* SheduleGroupVC.swift */ = {isa = PBXFileReference; fileEncoding = 4; lastKnownFileType = sourcecode.swift; path = SheduleGroupVC.swift; sourceTree = "<group>"; };
		C4492E0C1D91828100CF5D7C /* Roboto-Black.ttf */ = {isa = PBXFileReference; lastKnownFileType = file; path = "Roboto-Black.ttf"; sourceTree = "<group>"; };
		C4492E0D1D91828100CF5D7C /* Roboto-BlackItalic.ttf */ = {isa = PBXFileReference; lastKnownFileType = file; path = "Roboto-BlackItalic.ttf"; sourceTree = "<group>"; };
		C4492E0E1D91828100CF5D7C /* Roboto-Bold.ttf */ = {isa = PBXFileReference; lastKnownFileType = file; path = "Roboto-Bold.ttf"; sourceTree = "<group>"; };
		C4492E0F1D91828100CF5D7C /* Roboto-BoldItalic.ttf */ = {isa = PBXFileReference; lastKnownFileType = file; path = "Roboto-BoldItalic.ttf"; sourceTree = "<group>"; };
		C4492E101D91828100CF5D7C /* Roboto-Italic.ttf */ = {isa = PBXFileReference; lastKnownFileType = file; path = "Roboto-Italic.ttf"; sourceTree = "<group>"; };
		C4492E111D91828100CF5D7C /* Roboto-Light.ttf */ = {isa = PBXFileReference; lastKnownFileType = file; path = "Roboto-Light.ttf"; sourceTree = "<group>"; };
		C4492E121D91828100CF5D7C /* Roboto-LightItalic.ttf */ = {isa = PBXFileReference; lastKnownFileType = file; path = "Roboto-LightItalic.ttf"; sourceTree = "<group>"; };
		C4492E131D91828100CF5D7C /* Roboto-Medium.ttf */ = {isa = PBXFileReference; lastKnownFileType = file; path = "Roboto-Medium.ttf"; sourceTree = "<group>"; };
		C4492E141D91828100CF5D7C /* Roboto-MediumItalic.ttf */ = {isa = PBXFileReference; lastKnownFileType = file; path = "Roboto-MediumItalic.ttf"; sourceTree = "<group>"; };
		C4492E151D91828100CF5D7C /* Roboto-Regular.ttf */ = {isa = PBXFileReference; lastKnownFileType = file; path = "Roboto-Regular.ttf"; sourceTree = "<group>"; };
		C4492E161D91828100CF5D7C /* Roboto-Thin.ttf */ = {isa = PBXFileReference; lastKnownFileType = file; path = "Roboto-Thin.ttf"; sourceTree = "<group>"; };
		C4492E171D91828100CF5D7C /* Roboto-ThinItalic.ttf */ = {isa = PBXFileReference; lastKnownFileType = file; path = "Roboto-ThinItalic.ttf"; sourceTree = "<group>"; };
		C4492E181D91828100CF5D7C /* RobotoCondensed-Bold.ttf */ = {isa = PBXFileReference; lastKnownFileType = file; path = "RobotoCondensed-Bold.ttf"; sourceTree = "<group>"; };
		C4492E191D91828100CF5D7C /* RobotoCondensed-BoldItalic.ttf */ = {isa = PBXFileReference; lastKnownFileType = file; path = "RobotoCondensed-BoldItalic.ttf"; sourceTree = "<group>"; };
		C4492E1A1D91828100CF5D7C /* RobotoCondensed-Italic.ttf */ = {isa = PBXFileReference; lastKnownFileType = file; path = "RobotoCondensed-Italic.ttf"; sourceTree = "<group>"; };
		C4492E1B1D91828100CF5D7C /* RobotoCondensed-Light.ttf */ = {isa = PBXFileReference; lastKnownFileType = file; path = "RobotoCondensed-Light.ttf"; sourceTree = "<group>"; };
		C4492E1C1D91828100CF5D7C /* RobotoCondensed-LightItalic.ttf */ = {isa = PBXFileReference; lastKnownFileType = file; path = "RobotoCondensed-LightItalic.ttf"; sourceTree = "<group>"; };
		C4492E1D1D91828100CF5D7C /* RobotoCondensed-Regular.ttf */ = {isa = PBXFileReference; lastKnownFileType = file; path = "RobotoCondensed-Regular.ttf"; sourceTree = "<group>"; };
		C4492E301D91899100CF5D7C /* 18kwwrgcsrtvrjpg.jpg */ = {isa = PBXFileReference; lastKnownFileType = image.jpeg; path = 18kwwrgcsrtvrjpg.jpg; sourceTree = "<group>"; };
		C4492E321D9193C500CF5D7C /* DesignableView.swift */ = {isa = PBXFileReference; fileEncoding = 4; lastKnownFileType = sourcecode.swift; path = DesignableView.swift; sourceTree = "<group>"; };
		C4492E341D9198AE00CF5D7C /* SheduleGroupCell.swift */ = {isa = PBXFileReference; fileEncoding = 4; lastKnownFileType = sourcecode.swift; path = SheduleGroupCell.swift; sourceTree = "<group>"; };
		C4492E361D9221A200CF5D7C /* ScheduleGroupDetail.swift */ = {isa = PBXFileReference; fileEncoding = 4; lastKnownFileType = sourcecode.swift; path = ScheduleGroupDetail.swift; sourceTree = "<group>"; };
		C4492E391D925D1F00CF5D7C /* ScheduleItemVC.swift */ = {isa = PBXFileReference; fileEncoding = 4; lastKnownFileType = sourcecode.swift; path = ScheduleItemVC.swift; sourceTree = "<group>"; };
		C47FB7181D936C76007C601A /* AddScheduleItemVC.swift */ = {isa = PBXFileReference; fileEncoding = 4; lastKnownFileType = sourcecode.swift; path = AddScheduleItemVC.swift; sourceTree = "<group>"; };
		C47FB71A1D93A5FF007C601A /* img.png */ = {isa = PBXFileReference; lastKnownFileType = image.png; path = img.png; sourceTree = "<group>"; };
		C47FB71E1D93C4AD007C601A /* BlurrableView.swift */ = {isa = PBXFileReference; fileEncoding = 4; lastKnownFileType = sourcecode.swift; path = BlurrableView.swift; sourceTree = "<group>"; };
		C47FB7201D94782B007C601A /* RepeatCells.swift */ = {isa = PBXFileReference; fileEncoding = 4; lastKnownFileType = sourcecode.swift; path = RepeatCells.swift; sourceTree = "<group>"; };
		C4825BF21DA12BBE00D3FCE3 /* 1475380567_Tick_Mark.png */ = {isa = PBXFileReference; lastKnownFileType = image.png; path = 1475380567_Tick_Mark.png; sourceTree = "<group>"; };
		C4F152521DA1465E00D6AB72 /* HomeVC.swift */ = {isa = PBXFileReference; fileEncoding = 4; lastKnownFileType = sourcecode.swift; path = HomeVC.swift; sourceTree = "<group>"; };
		C4F152901DA1A76300D6AB72 /* UpcomingCells.swift */ = {isa = PBXFileReference; fileEncoding = 4; lastKnownFileType = sourcecode.swift; path = UpcomingCells.swift; sourceTree = "<group>"; };
/* End PBXFileReference section */

/* Begin PBXFrameworksBuildPhase section */
		C4492DB71D9151DE00CF5D7C /* Frameworks */ = {
			isa = PBXFrameworksBuildPhase;
			buildActionMask = 2147483647;
			files = (
			);
			runOnlyForDeploymentPostprocessing = 0;
		};
		C4492DCE1D9151DE00CF5D7C /* Frameworks */ = {
			isa = PBXFrameworksBuildPhase;
			buildActionMask = 2147483647;
			files = (
			);
			runOnlyForDeploymentPostprocessing = 0;
		};
		C4492DD91D9151DE00CF5D7C /* Frameworks */ = {
			isa = PBXFrameworksBuildPhase;
			buildActionMask = 2147483647;
			files = (
			);
			runOnlyForDeploymentPostprocessing = 0;
		};
/* End PBXFrameworksBuildPhase section */

/* Begin PBXGroup section */
		C4492DB11D9151DE00CF5D7C = {
			isa = PBXGroup;
			children = (
				C4492DBC1D9151DE00CF5D7C /* CWShedule+ */,
				C4492DD41D9151DE00CF5D7C /* CWShedule+Tests */,
				C4492DDF1D9151DE00CF5D7C /* CWShedule+UITests */,
				C4492DBB1D9151DE00CF5D7C /* Products */,
			);
			sourceTree = "<group>";
		};
		C4492DBB1D9151DE00CF5D7C /* Products */ = {
			isa = PBXGroup;
			children = (
				C4492DBA1D9151DE00CF5D7C /* CWShedule+.app */,
				C4492DD11D9151DE00CF5D7C /* CWShedule+Tests.xctest */,
				C4492DDC1D9151DE00CF5D7C /* CWShedule+UITests.xctest */,
			);
			name = Products;
			sourceTree = "<group>";
		};
		C4492DBC1D9151DE00CF5D7C /* CWShedule+ */ = {
			isa = PBXGroup;
			children = (
				C4492DF01D91798700CF5D7C /* Model */,
				C4492DEF1D91798300CF5D7C /* View */,
				C4492DEE1D91797D00CF5D7C /* Controller */,
				C4492DBD1D9151DE00CF5D7C /* AppDelegate.swift */,
				C4492DC11D9151DE00CF5D7C /* Main.storyboard */,
				C4492DC71D9151DE00CF5D7C /* Assets.xcassets */,
				C47FB71A1D93A5FF007C601A /* img.png */,
				C4825BF21DA12BBE00D3FCE3 /* 1475380567_Tick_Mark.png */,
				C4492E301D91899100CF5D7C /* 18kwwrgcsrtvrjpg.jpg */,
				C4492DC91D9151DE00CF5D7C /* LaunchScreen.storyboard */,
				C4492DF21D9179AD00CF5D7C /* Utils */,
				C4492DCC1D9151DE00CF5D7C /* Info.plist */,
				C4492DF11D9179A200CF5D7C /* Resources */,
				C4492DC41D9151DE00CF5D7C /* CWShedule_.xcdatamodeld */,
			);
			path = "CWShedule+";
			sourceTree = "<group>";
		};
		C4492DD41D9151DE00CF5D7C /* CWShedule+Tests */ = {
			isa = PBXGroup;
			children = (
				C4492DD51D9151DE00CF5D7C /* CWShedule_Tests.swift */,
				C4492DD71D9151DE00CF5D7C /* Info.plist */,
			);
			path = "CWShedule+Tests";
			sourceTree = "<group>";
		};
		C4492DDF1D9151DE00CF5D7C /* CWShedule+UITests */ = {
			isa = PBXGroup;
			children = (
				C4492DE01D9151DE00CF5D7C /* CWShedule_UITests.swift */,
				C4492DE21D9151DE00CF5D7C /* Info.plist */,
			);
			path = "CWShedule+UITests";
			sourceTree = "<group>";
		};
		C4492DEE1D91797D00CF5D7C /* Controller */ = {
			isa = PBXGroup;
			children = (
				C4492E091D917B8400CF5D7C /* SheduleGroupVC.swift */,
				C4492E361D9221A200CF5D7C /* ScheduleGroupDetail.swift */,
				C4492E391D925D1F00CF5D7C /* ScheduleItemVC.swift */,
				C47FB7181D936C76007C601A /* AddScheduleItemVC.swift */,
				C4F152521DA1465E00D6AB72 /* HomeVC.swift */,
			);
			name = Controller;
			sourceTree = "<group>";
		};
		C4492DEF1D91798300CF5D7C /* View */ = {
			isa = PBXGroup;
			children = (
				C4089EC61DA004BA00D4729F /* MGSwipeButton.h */,
				C4089EC71DA004BA00D4729F /* MGSwipeButton.m */,
				C4089EC81DA004BA00D4729F /* MGSwipeTableCell.h */,
				C4089EC91DA004BA00D4729F /* MGSwipeTableCell.m */,
				C4492E321D9193C500CF5D7C /* DesignableView.swift */,
				C4492E341D9198AE00CF5D7C /* SheduleGroupCell.swift */,
				C446BAA01D92924600EBF015 /* ScheduleItemCell.swift */,
				C47FB71E1D93C4AD007C601A /* BlurrableView.swift */,
				C47FB7201D94782B007C601A /* RepeatCells.swift */,
				C4089EC51DA004B900D4729F /* CWShedule+-Bridging-Header.h */,
				C4F152901DA1A76300D6AB72 /* UpcomingCells.swift */,
			);
			name = View;
			sourceTree = "<group>";
		};
		C4492DF01D91798700CF5D7C /* Model */ = {
			isa = PBXGroup;
			children = (
				C4492DF61D917AC900CF5D7C /* ScheduleDetails+CoreDataProperties.swift */,
				C4492DF81D917AC900CF5D7C /* SheduleGroup+CoreDataProperties.swift */,
				C4492DFA1D917AC900CF5D7C /* ScheduleImages+CoreDataProperties.swift */,
				C4492DFC1D917AC900CF5D7C /* SheduleItem+CoreDataProperties.swift */,
				C4492DFE1D917AC900CF5D7C /* ScheduleUrgency+CoreDataProperties.swift */,
				C4492E0B1D917BA600CF5D7C /* Generated */,
			);
			name = Model;
			sourceTree = "<group>";
		};
		C4492DF11D9179A200CF5D7C /* Resources */ = {
			isa = PBXGroup;
			children = (
				C4492E0C1D91828100CF5D7C /* Roboto-Black.ttf */,
				C4492E0D1D91828100CF5D7C /* Roboto-BlackItalic.ttf */,
				C4492E0E1D91828100CF5D7C /* Roboto-Bold.ttf */,
				C4492E0F1D91828100CF5D7C /* Roboto-BoldItalic.ttf */,
				C4492E101D91828100CF5D7C /* Roboto-Italic.ttf */,
				C4492E111D91828100CF5D7C /* Roboto-Light.ttf */,
				C4492E121D91828100CF5D7C /* Roboto-LightItalic.ttf */,
				C4492E131D91828100CF5D7C /* Roboto-Medium.ttf */,
				C4492E141D91828100CF5D7C /* Roboto-MediumItalic.ttf */,
				C4492E151D91828100CF5D7C /* Roboto-Regular.ttf */,
				C4492E161D91828100CF5D7C /* Roboto-Thin.ttf */,
				C4492E171D91828100CF5D7C /* Roboto-ThinItalic.ttf */,
				C4492E181D91828100CF5D7C /* RobotoCondensed-Bold.ttf */,
				C4492E191D91828100CF5D7C /* RobotoCondensed-BoldItalic.ttf */,
				C4492E1A1D91828100CF5D7C /* RobotoCondensed-Italic.ttf */,
				C4492E1B1D91828100CF5D7C /* RobotoCondensed-Light.ttf */,
				C4492E1C1D91828100CF5D7C /* RobotoCondensed-LightItalic.ttf */,
				C4492E1D1D91828100CF5D7C /* RobotoCondensed-Regular.ttf */,
			);
			name = Resources;
			sourceTree = "<group>";
		};
		C4492DF21D9179AD00CF5D7C /* Utils */ = {
			isa = PBXGroup;
			children = (
				C4492DF31D9179CA00CF5D7C /* Constants.swift */,
			);
			name = Utils;
			sourceTree = "<group>";
		};
		C4492E0B1D917BA600CF5D7C /* Generated */ = {
			isa = PBXGroup;
			children = (
				C4492DF51D917AC900CF5D7C /* ScheduleDetails+CoreDataClass.swift */,
				C4492DF71D917AC900CF5D7C /* SheduleGroup+CoreDataClass.swift */,
				C4492DF91D917AC900CF5D7C /* ScheduleImages+CoreDataClass.swift */,
				C4492DFB1D917AC900CF5D7C /* SheduleItem+CoreDataClass.swift */,
				C4492DFD1D917AC900CF5D7C /* ScheduleUrgency+CoreDataClass.swift */,
			);
			name = Generated;
			path = ..;
			sourceTree = "<group>";
		};
/* End PBXGroup section */

/* Begin PBXNativeTarget section */
		C4492DB91D9151DE00CF5D7C /* CWShedule+ */ = {
			isa = PBXNativeTarget;
			buildConfigurationList = C4492DE51D9151DE00CF5D7C /* Build configuration list for PBXNativeTarget "CWShedule+" */;
			buildPhases = (
				C4492DB61D9151DE00CF5D7C /* Sources */,
				C4492DB71D9151DE00CF5D7C /* Frameworks */,
				C4492DB81D9151DE00CF5D7C /* Resources */,
			);
			buildRules = (
			);
			dependencies = (
			);
			name = "CWShedule+";
			productName = "CWShedule+";
			productReference = C4492DBA1D9151DE00CF5D7C /* CWShedule+.app */;
			productType = "com.apple.product-type.application";
		};
		C4492DD01D9151DE00CF5D7C /* CWShedule+Tests */ = {
			isa = PBXNativeTarget;
			buildConfigurationList = C4492DE81D9151DE00CF5D7C /* Build configuration list for PBXNativeTarget "CWShedule+Tests" */;
			buildPhases = (
				C4492DCD1D9151DE00CF5D7C /* Sources */,
				C4492DCE1D9151DE00CF5D7C /* Frameworks */,
				C4492DCF1D9151DE00CF5D7C /* Resources */,
			);
			buildRules = (
			);
			dependencies = (
				C4492DD31D9151DE00CF5D7C /* PBXTargetDependency */,
			);
			name = "CWShedule+Tests";
			productName = "CWShedule+Tests";
			productReference = C4492DD11D9151DE00CF5D7C /* CWShedule+Tests.xctest */;
			productType = "com.apple.product-type.bundle.unit-test";
		};
		C4492DDB1D9151DE00CF5D7C /* CWShedule+UITests */ = {
			isa = PBXNativeTarget;
			buildConfigurationList = C4492DEB1D9151DE00CF5D7C /* Build configuration list for PBXNativeTarget "CWShedule+UITests" */;
			buildPhases = (
				C4492DD81D9151DE00CF5D7C /* Sources */,
				C4492DD91D9151DE00CF5D7C /* Frameworks */,
				C4492DDA1D9151DE00CF5D7C /* Resources */,
			);
			buildRules = (
			);
			dependencies = (
				C4492DDE1D9151DE00CF5D7C /* PBXTargetDependency */,
			);
			name = "CWShedule+UITests";
			productName = "CWShedule+UITests";
			productReference = C4492DDC1D9151DE00CF5D7C /* CWShedule+UITests.xctest */;
			productType = "com.apple.product-type.bundle.ui-testing";
		};
/* End PBXNativeTarget section */

/* Begin PBXProject section */
		C4492DB21D9151DE00CF5D7C /* Project object */ = {
			isa = PBXProject;
			attributes = {
				LastSwiftUpdateCheck = 0800;
				LastUpgradeCheck = 0800;
				ORGANIZATIONNAME = "Mensah Shadrach";
				TargetAttributes = {
					C4492DB91D9151DE00CF5D7C = {
						CreatedOnToolsVersion = 8.0;
						DevelopmentTeam = H6689YLYP3;
						LastSwiftMigration = 0800;
						ProvisioningStyle = Automatic;
					};
					C4492DD01D9151DE00CF5D7C = {
						CreatedOnToolsVersion = 8.0;
						DevelopmentTeam = H6689YLYP3;
						ProvisioningStyle = Automatic;
						TestTargetID = C4492DB91D9151DE00CF5D7C;
					};
					C4492DDB1D9151DE00CF5D7C = {
						CreatedOnToolsVersion = 8.0;
						DevelopmentTeam = H6689YLYP3;
						ProvisioningStyle = Automatic;
						TestTargetID = C4492DB91D9151DE00CF5D7C;
					};
				};
			};
			buildConfigurationList = C4492DB51D9151DE00CF5D7C /* Build configuration list for PBXProject "CWShedule+" */;
			compatibilityVersion = "Xcode 3.2";
			developmentRegion = English;
			hasScannedForEncodings = 0;
			knownRegions = (
				en,
				Base,
			);
			mainGroup = C4492DB11D9151DE00CF5D7C;
			productRefGroup = C4492DBB1D9151DE00CF5D7C /* Products */;
			projectDirPath = "";
			projectRoot = "";
			targets = (
				C4492DB91D9151DE00CF5D7C /* CWShedule+ */,
				C4492DD01D9151DE00CF5D7C /* CWShedule+Tests */,
				C4492DDB1D9151DE00CF5D7C /* CWShedule+UITests */,
			);
		};
/* End PBXProject section */

/* Begin PBXResourcesBuildPhase section */
		C4492DB81D9151DE00CF5D7C /* Resources */ = {
			isa = PBXResourcesBuildPhase;
			buildActionMask = 2147483647;
			files = (
				C4492E291D91828100CF5D7C /* Roboto-ThinItalic.ttf in Resources */,
				C4492E281D91828100CF5D7C /* Roboto-Thin.ttf in Resources */,
				C4492E2E1D91828100CF5D7C /* RobotoCondensed-LightItalic.ttf in Resources */,
				C47FB71B1D93A5FF007C601A /* img.png in Resources */,
				C4492DCB1D9151DE00CF5D7C /* LaunchScreen.storyboard in Resources */,
				C4825BF31DA12BBE00D3FCE3 /* 1475380567_Tick_Mark.png in Resources */,
				C4492DC81D9151DE00CF5D7C /* Assets.xcassets in Resources */,
				C4492E311D91899100CF5D7C /* 18kwwrgcsrtvrjpg.jpg in Resources */,
				C4492E2B1D91828100CF5D7C /* RobotoCondensed-BoldItalic.ttf in Resources */,
				C4492E2C1D91828100CF5D7C /* RobotoCondensed-Italic.ttf in Resources */,
				C4492E241D91828100CF5D7C /* Roboto-LightItalic.ttf in Resources */,
				C4492E201D91828100CF5D7C /* Roboto-Bold.ttf in Resources */,
				C4492E2F1D91828100CF5D7C /* RobotoCondensed-Regular.ttf in Resources */,
				C4492E2D1D91828100CF5D7C /* RobotoCondensed-Light.ttf in Resources */,
				C4492E261D91828100CF5D7C /* Roboto-MediumItalic.ttf in Resources */,
				C4492E1F1D91828100CF5D7C /* Roboto-BlackItalic.ttf in Resources */,
				C4492DC31D9151DE00CF5D7C /* Main.storyboard in Resources */,
				C4492E221D91828100CF5D7C /* Roboto-Italic.ttf in Resources */,
				C4492E2A1D91828100CF5D7C /* RobotoCondensed-Bold.ttf in Resources */,
				C4492E211D91828100CF5D7C /* Roboto-BoldItalic.ttf in Resources */,
				C4492E251D91828100CF5D7C /* Roboto-Medium.ttf in Resources */,
				C4492E271D91828100CF5D7C /* Roboto-Regular.ttf in Resources */,
				C4492E1E1D91828100CF5D7C /* Roboto-Black.ttf in Resources */,
				C4492E231D91828100CF5D7C /* Roboto-Light.ttf in Resources */,
			);
			runOnlyForDeploymentPostprocessing = 0;
		};
		C4492DCF1D9151DE00CF5D7C /* Resources */ = {
			isa = PBXResourcesBuildPhase;
			buildActionMask = 2147483647;
			files = (
			);
			runOnlyForDeploymentPostprocessing = 0;
		};
		C4492DDA1D9151DE00CF5D7C /* Resources */ = {
			isa = PBXResourcesBuildPhase;
			buildActionMask = 2147483647;
			files = (
			);
			runOnlyForDeploymentPostprocessing = 0;
		};
/* End PBXResourcesBuildPhase section */

/* Begin PBXSourcesBuildPhase section */
		C4492DB61D9151DE00CF5D7C /* Sources */ = {
			isa = PBXSourcesBuildPhase;
			buildActionMask = 2147483647;
			files = (
				C4492E3A1D925D1F00CF5D7C /* ScheduleItemVC.swift in Sources */,
				C4089ECB1DA004BA00D4729F /* MGSwipeTableCell.m in Sources */,
				C4492E041D917AC900CF5D7C /* ScheduleImages+CoreDataProperties.swift in Sources */,
				C4492DC61D9151DE00CF5D7C /* CWShedule_.xcdatamodeld in Sources */,
				C4492E031D917AC900CF5D7C /* ScheduleImages+CoreDataClass.swift in Sources */,
				C446BAA11D92924600EBF015 /* ScheduleItemCell.swift in Sources */,
				C4089ECA1DA004BA00D4729F /* MGSwipeButton.m in Sources */,
				C4492E071D917AC900CF5D7C /* ScheduleUrgency+CoreDataClass.swift in Sources */,
				C4492E021D917AC900CF5D7C /* SheduleGroup+CoreDataProperties.swift in Sources */,
				C4492E081D917AC900CF5D7C /* ScheduleUrgency+CoreDataProperties.swift in Sources */,
				C4492E011D917AC900CF5D7C /* SheduleGroup+CoreDataClass.swift in Sources */,
				C4492DBE1D9151DE00CF5D7C /* AppDelegate.swift in Sources */,
				C4492E371D9221A200CF5D7C /* ScheduleGroupDetail.swift in Sources */,
				C4492E351D9198AE00CF5D7C /* SheduleGroupCell.swift in Sources */,
				C47FB7191D936C76007C601A /* AddScheduleItemVC.swift in Sources */,
				C4492E331D9193C500CF5D7C /* DesignableView.swift in Sources */,
				C4492E001D917AC900CF5D7C /* ScheduleDetails+CoreDataProperties.swift in Sources */,
				C4492E0A1D917B8400CF5D7C /* SheduleGroupVC.swift in Sources */,
				C47FB71F1D93C4AD007C601A /* BlurrableView.swift in Sources */,
				C47FB7211D94782B007C601A /* RepeatCells.swift in Sources */,
				C4492DFF1D917AC900CF5D7C /* ScheduleDetails+CoreDataClass.swift in Sources */,
				C4F152531DA1465E00D6AB72 /* HomeVC.swift in Sources */,
				C4492DF41D9179CA00CF5D7C /* Constants.swift in Sources */,
				C4492E051D917AC900CF5D7C /* SheduleItem+CoreDataClass.swift in Sources */,
				C4492E061D917AC900CF5D7C /* SheduleItem+CoreDataProperties.swift in Sources */,
				C4F152911DA1A76300D6AB72 /* UpcomingCells.swift in Sources */,
			);
			runOnlyForDeploymentPostprocessing = 0;
		};
		C4492DCD1D9151DE00CF5D7C /* Sources */ = {
			isa = PBXSourcesBuildPhase;
			buildActionMask = 2147483647;
			files = (
				C4492DD61D9151DE00CF5D7C /* CWShedule_Tests.swift in Sources */,
			);
			runOnlyForDeploymentPostprocessing = 0;
		};
		C4492DD81D9151DE00CF5D7C /* Sources */ = {
			isa = PBXSourcesBuildPhase;
			buildActionMask = 2147483647;
			files = (
				C4492DE11D9151DE00CF5D7C /* CWShedule_UITests.swift in Sources */,
			);
			runOnlyForDeploymentPostprocessing = 0;
		};
/* End PBXSourcesBuildPhase section */

/* Begin PBXTargetDependency section */
		C4492DD31D9151DE00CF5D7C /* PBXTargetDependency */ = {
			isa = PBXTargetDependency;
			target = C4492DB91D9151DE00CF5D7C /* CWShedule+ */;
			targetProxy = C4492DD21D9151DE00CF5D7C /* PBXContainerItemProxy */;
		};
		C4492DDE1D9151DE00CF5D7C /* PBXTargetDependency */ = {
			isa = PBXTargetDependency;
			target = C4492DB91D9151DE00CF5D7C /* CWShedule+ */;
			targetProxy = C4492DDD1D9151DE00CF5D7C /* PBXContainerItemProxy */;
		};
/* End PBXTargetDependency section */

/* Begin PBXVariantGroup section */
		C4492DC11D9151DE00CF5D7C /* Main.storyboard */ = {
			isa = PBXVariantGroup;
			children = (
				C4492DC21D9151DE00CF5D7C /* Base */,
			);
			name = Main.storyboard;
			sourceTree = "<group>";
		};
		C4492DC91D9151DE00CF5D7C /* LaunchScreen.storyboard */ = {
			isa = PBXVariantGroup;
			children = (
				C4492DCA1D9151DE00CF5D7C /* Base */,
			);
			name = LaunchScreen.storyboard;
			sourceTree = "<group>";
		};
/* End PBXVariantGroup section */

/* Begin XCBuildConfiguration section */
		C4492DE31D9151DE00CF5D7C /* Debug */ = {
			isa = XCBuildConfiguration;
			buildSettings = {
				ALWAYS_SEARCH_USER_PATHS = NO;
				CLANG_ANALYZER_NONNULL = YES;
				CLANG_CXX_LANGUAGE_STANDARD = "gnu++0x";
				CLANG_CXX_LIBRARY = "libc++";
				CLANG_ENABLE_MODULES = YES;
				CLANG_ENABLE_OBJC_ARC = YES;
				CLANG_WARN_BOOL_CONVERSION = YES;
				CLANG_WARN_CONSTANT_CONVERSION = YES;
				CLANG_WARN_DIRECT_OBJC_ISA_USAGE = YES_ERROR;
				CLANG_WARN_DOCUMENTATION_COMMENTS = YES;
				CLANG_WARN_EMPTY_BODY = YES;
				CLANG_WARN_ENUM_CONVERSION = YES;
				CLANG_WARN_INFINITE_RECURSION = YES;
				CLANG_WARN_INT_CONVERSION = YES;
				CLANG_WARN_OBJC_ROOT_CLASS = YES_ERROR;
				CLANG_WARN_SUSPICIOUS_MOVES = YES;
				CLANG_WARN_UNREACHABLE_CODE = YES;
				CLANG_WARN__DUPLICATE_METHOD_MATCH = YES;
				"CODE_SIGN_IDENTITY[sdk=iphoneos*]" = "iPhone Developer";
				COPY_PHASE_STRIP = NO;
				DEBUG_INFORMATION_FORMAT = dwarf;
				ENABLE_STRICT_OBJC_MSGSEND = YES;
				ENABLE_TESTABILITY = YES;
				GCC_C_LANGUAGE_STANDARD = gnu99;
				GCC_DYNAMIC_NO_PIC = NO;
				GCC_NO_COMMON_BLOCKS = YES;
				GCC_OPTIMIZATION_LEVEL = 0;
				GCC_PREPROCESSOR_DEFINITIONS = (
					"DEBUG=1",
					"$(inherited)",
				);
				GCC_WARN_64_TO_32_BIT_CONVERSION = YES;
				GCC_WARN_ABOUT_RETURN_TYPE = YES_ERROR;
				GCC_WARN_UNDECLARED_SELECTOR = YES;
				GCC_WARN_UNINITIALIZED_AUTOS = YES_AGGRESSIVE;
				GCC_WARN_UNUSED_FUNCTION = YES;
				GCC_WARN_UNUSED_VARIABLE = YES;
				IPHONEOS_DEPLOYMENT_TARGET = 10.0;
				MTL_ENABLE_DEBUG_INFO = YES;
				ONLY_ACTIVE_ARCH = YES;
				SDKROOT = iphoneos;
				SWIFT_ACTIVE_COMPILATION_CONDITIONS = DEBUG;
				SWIFT_OPTIMIZATION_LEVEL = "-Onone";
				TARGETED_DEVICE_FAMILY = "1,2";
			};
			name = Debug;
		};
		C4492DE41D9151DE00CF5D7C /* Release */ = {
			isa = XCBuildConfiguration;
			buildSettings = {
				ALWAYS_SEARCH_USER_PATHS = NO;
				CLANG_ANALYZER_NONNULL = YES;
				CLANG_CXX_LANGUAGE_STANDARD = "gnu++0x";
				CLANG_CXX_LIBRARY = "libc++";
				CLANG_ENABLE_MODULES = YES;
				CLANG_ENABLE_OBJC_ARC = YES;
				CLANG_WARN_BOOL_CONVERSION = YES;
				CLANG_WARN_CONSTANT_CONVERSION = YES;
				CLANG_WARN_DIRECT_OBJC_ISA_USAGE = YES_ERROR;
				CLANG_WARN_DOCUMENTATION_COMMENTS = YES;
				CLANG_WARN_EMPTY_BODY = YES;
				CLANG_WARN_ENUM_CONVERSION = YES;
				CLANG_WARN_INFINITE_RECURSION = YES;
				CLANG_WARN_INT_CONVERSION = YES;
				CLANG_WARN_OBJC_ROOT_CLASS = YES_ERROR;
				CLANG_WARN_SUSPICIOUS_MOVES = YES;
				CLANG_WARN_UNREACHABLE_CODE = YES;
				CLANG_WARN__DUPLICATE_METHOD_MATCH = YES;
				"CODE_SIGN_IDENTITY[sdk=iphoneos*]" = "iPhone Developer";
				COPY_PHASE_STRIP = NO;
				DEBUG_INFORMATION_FORMAT = "dwarf-with-dsym";
				ENABLE_NS_ASSERTIONS = NO;
				ENABLE_STRICT_OBJC_MSGSEND = YES;
				GCC_C_LANGUAGE_STANDARD = gnu99;
				GCC_NO_COMMON_BLOCKS = YES;
				GCC_WARN_64_TO_32_BIT_CONVERSION = YES;
				GCC_WARN_ABOUT_RETURN_TYPE = YES_ERROR;
				GCC_WARN_UNDECLARED_SELECTOR = YES;
				GCC_WARN_UNINITIALIZED_AUTOS = YES_AGGRESSIVE;
				GCC_WARN_UNUSED_FUNCTION = YES;
				GCC_WARN_UNUSED_VARIABLE = YES;
				IPHONEOS_DEPLOYMENT_TARGET = 10.0;
				MTL_ENABLE_DEBUG_INFO = NO;
				SDKROOT = iphoneos;
				SWIFT_OPTIMIZATION_LEVEL = "-Owholemodule";
				TARGETED_DEVICE_FAMILY = "1,2";
				VALIDATE_PRODUCT = YES;
			};
			name = Release;
		};
		C4492DE61D9151DE00CF5D7C /* Debug */ = {
			isa = XCBuildConfiguration;
			buildSettings = {
				ASSETCATALOG_COMPILER_APPICON_NAME = AppIcon;
				CLANG_ENABLE_MODULES = YES;
				"CODE_SIGN_IDENTITY[sdk=iphoneos*]" = "iPhone Developer";
				DEVELOPMENT_TEAM = H6689YLYP3;
				INFOPLIST_FILE = "CWShedule+/Info.plist";
				LD_RUNPATH_SEARCH_PATHS = "$(inherited) @executable_path/Frameworks";
				PRODUCT_BUNDLE_IDENTIFIER = "Codesworth.CWShedule-";
				PRODUCT_NAME = "$(TARGET_NAME)";
				SWIFT_OBJC_BRIDGING_HEADER = "CWShedule+/CWShedule+-Bridging-Header.h";
				SWIFT_OPTIMIZATION_LEVEL = "-Onone";
				SWIFT_VERSION = 3.0;
			};
			name = Debug;
		};
		C4492DE71D9151DE00CF5D7C /* Release */ = {
			isa = XCBuildConfiguration;
			buildSettings = {
				ASSETCATALOG_COMPILER_APPICON_NAME = AppIcon;
				CLANG_ENABLE_MODULES = YES;
				"CODE_SIGN_IDENTITY[sdk=iphoneos*]" = "iPhone Developer";
				DEVELOPMENT_TEAM = H6689YLYP3;
				INFOPLIST_FILE = "CWShedule+/Info.plist";
				LD_RUNPATH_SEARCH_PATHS = "$(inherited) @executable_path/Frameworks";
				PRODUCT_BUNDLE_IDENTIFIER = "Codesworth.CWShedule-";
				PRODUCT_NAME = "$(TARGET_NAME)";
				SWIFT_OBJC_BRIDGING_HEADER = "CWShedule+/CWShedule+-Bridging-Header.h";
				SWIFT_VERSION = 3.0;
			};
			name = Release;
		};
		C4492DE91D9151DE00CF5D7C /* Debug */ = {
			isa = XCBuildConfiguration;
			buildSettings = {
				ALWAYS_EMBED_SWIFT_STANDARD_LIBRARIES = YES;
				BUNDLE_LOADER = "$(TEST_HOST)";
				DEVELOPMENT_TEAM = H6689YLYP3;
				INFOPLIST_FILE = "CWShedule+Tests/Info.plist";
				LD_RUNPATH_SEARCH_PATHS = "$(inherited) @executable_path/Frameworks @loader_path/Frameworks";
				PRODUCT_BUNDLE_IDENTIFIER = "Codesworth.CWShedule-Tests";
				PRODUCT_NAME = "$(TARGET_NAME)";
				SWIFT_VERSION = 3.0;
				TEST_HOST = "$(BUILT_PRODUCTS_DIR)/CWShedule+.app/CWShedule+";
			};
			name = Debug;
		};
		C4492DEA1D9151DE00CF5D7C /* Release */ = {
			isa = XCBuildConfiguration;
			buildSettings = {
				ALWAYS_EMBED_SWIFT_STANDARD_LIBRARIES = YES;
				BUNDLE_LOADER = "$(TEST_HOST)";
				DEVELOPMENT_TEAM = H6689YLYP3;
				INFOPLIST_FILE = "CWShedule+Tests/Info.plist";
				LD_RUNPATH_SEARCH_PATHS = "$(inherited) @executable_path/Frameworks @loader_path/Frameworks";
				PRODUCT_BUNDLE_IDENTIFIER = "Codesworth.CWShedule-Tests";
				PRODUCT_NAME = "$(TARGET_NAME)";
				SWIFT_VERSION = 3.0;
				TEST_HOST = "$(BUILT_PRODUCTS_DIR)/CWShedule+.app/CWShedule+";
			};
			name = Release;
		};
		C4492DEC1D9151DE00CF5D7C /* Debug */ = {
			isa = XCBuildConfiguration;
			buildSettings = {
				ALWAYS_EMBED_SWIFT_STANDARD_LIBRARIES = YES;
				DEVELOPMENT_TEAM = H6689YLYP3;
				INFOPLIST_FILE = "CWShedule+UITests/Info.plist";
				LD_RUNPATH_SEARCH_PATHS = "$(inherited) @executable_path/Frameworks @loader_path/Frameworks";
				PRODUCT_BUNDLE_IDENTIFIER = "Codesworth.CWShedule-UITests";
				PRODUCT_NAME = "$(TARGET_NAME)";
				SWIFT_VERSION = 3.0;
				TEST_TARGET_NAME = "CWShedule+";
			};
			name = Debug;
		};
		C4492DED1D9151DE00CF5D7C /* Release */ = {
			isa = XCBuildConfiguration;
			buildSettings = {
				ALWAYS_EMBED_SWIFT_STANDARD_LIBRARIES = YES;
				DEVELOPMENT_TEAM = H6689YLYP3;
				INFOPLIST_FILE = "CWShedule+UITests/Info.plist";
				LD_RUNPATH_SEARCH_PATHS = "$(inherited) @executable_path/Frameworks @loader_path/Frameworks";
				PRODUCT_BUNDLE_IDENTIFIER = "Codesworth.CWShedule-UITests";
				PRODUCT_NAME = "$(TARGET_NAME)";
				SWIFT_VERSION = 3.0;
				TEST_TARGET_NAME = "CWShedule+";
			};
			name = Release;
		};
/* End XCBuildConfiguration section */

/* Begin XCConfigurationList section */
		C4492DB51D9151DE00CF5D7C /* Build configuration list for PBXProject "CWShedule+" */ = {
			isa = XCConfigurationList;
			buildConfigurations = (
				C4492DE31D9151DE00CF5D7C /* Debug */,
				C4492DE41D9151DE00CF5D7C /* Release */,
			);
			defaultConfigurationIsVisible = 0;
			defaultConfigurationName = Release;
		};
		C4492DE51D9151DE00CF5D7C /* Build configuration list for PBXNativeTarget "CWShedule+" */ = {
			isa = XCConfigurationList;
			buildConfigurations = (
				C4492DE61D9151DE00CF5D7C /* Debug */,
				C4492DE71D9151DE00CF5D7C /* Release */,
			);
			defaultConfigurationIsVisible = 0;
			defaultConfigurationName = Release;
		};
		C4492DE81D9151DE00CF5D7C /* Build configuration list for PBXNativeTarget "CWShedule+Tests" */ = {
			isa = XCConfigurationList;
			buildConfigurations = (
				C4492DE91D9151DE00CF5D7C /* Debug */,
				C4492DEA1D9151DE00CF5D7C /* Release */,
			);
			defaultConfigurationIsVisible = 0;
			defaultConfigurationName = Release;
		};
		C4492DEB1D9151DE00CF5D7C /* Build configuration list for PBXNativeTarget "CWShedule+UITests" */ = {
			isa = XCConfigurationList;
			buildConfigurations = (
				C4492DEC1D9151DE00CF5D7C /* Debug */,
				C4492DED1D9151DE00CF5D7C /* Release */,
			);
			defaultConfigurationIsVisible = 0;
			defaultConfigurationName = Release;
		};
/* End XCConfigurationList section */

/* Begin XCVersionGroup section */
		C4492DC41D9151DE00CF5D7C /* CWShedule_.xcdatamodeld */ = {
			isa = XCVersionGroup;
			children = (
				C4492DC51D9151DE00CF5D7C /* CWShedule_.xcdatamodel */,
			);
			currentVersion = C4492DC51D9151DE00CF5D7C /* CWShedule_.xcdatamodel */;
			path = CWShedule_.xcdatamodeld;
			sourceTree = "<group>";
			versionGroupType = wrapper.xcdatamodel;
		};
/* End XCVersionGroup section */
	};
	rootObject = C4492DB21D9151DE00CF5D7C /* Project object */;
}
